
Microsoft Visual Studio Solution File, Format Version 12.00
# Visual Studio 15
VisualStudioVersion = 15.0.27703.2035
MinimumVisualStudioVersion = 10.0.40219.1
Project("{FAE04EC0-301F-11D3-BF4B-00C04F79EFBC}") = "AspWepProject", "AspWepProject\AspWepProject.csproj", "{1A5D2765-121A-4D5B-9002-6E0D3A7FBF87}"
EndProject
Global
	GlobalSection(SolutionConfigurationPlatforms) = preSolution
		Debug|Any CPU = Debug|Any CPU
		Release|Any CPU = Release|Any CPU
	EndGlobalSection
	GlobalSection(ProjectConfigurationPlatforms) = postSolution
		{1A5D2765-121A-4D5B-9002-6E0D3A7FBF87}.Debug|Any CPU.ActiveCfg = Debug|Any CPU
		{1A5D2765-121A-4D5B-9002-6E0D3A7FBF87}.Debug|Any CPU.Build.0 = Debug|Any CPU
		{1A5D2765-121A-4D5B-9002-6E0D3A7FBF87}.Release|Any CPU.ActiveCfg = Release|Any CPU
		{1A5D2765-121A-4D5B-9002-6E0D3A7FBF87}.Release|Any CPU.Build.0 = Release|Any CPU
	EndGlobalSection
	GlobalSection(SolutionProperties) = preSolution
		HideSolutionNode = FALSE
	EndGlobalSection
	GlobalSection(ExtensibilityGlobals) = postSolution
		SolutionGuid = {E769151B-2847-44BB-BC64-1E29B3327481}
	EndGlobalSection
EndGlobal
